{
  "name": "@jboz/zorro",
  "version": "1.0.0",
  "lockfileVersion": 3,
  "requires": true,
  "packages": {
    "": {
      "name": "@jboz/zorro",
      "version": "1.0.0",
      "license": "MIT",
      "dependencies": {
        "@jitsi/robotjs": "^0.6.17",
        "sleep": "^6.3.0"
      }
    },
    "node_modules/@jitsi/robotjs": {
      "version": "0.6.17",
      "resolved": "https://registry.npmjs.org/@jitsi/robotjs/-/robotjs-0.6.17.tgz",
      "integrity": "sha512-1QssLutm0h++7Zmv90elymqXjCsF8w+zU9tvysVV4LHWD5rbKbt0wxA+A/6dLfoGMnBQLLruQvSI79PKDlvG5w==",
      "hasInstallScript": true,
      "license": "MIT",
      "dependencies": {
        "node-addon-api": "^8.3.0",
        "node-gyp-build": "^4.8.4"
      }
    },
    "node_modules/nan": {
      "version": "2.23.0",
      "resolved": "https://registry.npmjs.org/nan/-/nan-2.23.0.tgz",
      "integrity": "sha512-1UxuyYGdoQHcGg87Lkqm3FzefucTa0NAiOcuRsDmysep3c1LVCRK2krrUDafMWtjSG04htvAmvg96+SDknOmgQ==",
      "license": "MIT"
    },
    "node_modules/node-addon-api": {
      "version": "8.5.0",
      "resolved": "https://registry.npmjs.org/node-addon-api/-/node-addon-api-8.5.0.tgz",
      "integrity": "sha512-/bRZty2mXUIFY/xU5HLvveNHlswNJej+RnxBjOMkidWfwZzgTbPG1E3K5TOxRLOR+5hX7bSofy8yf1hZevMS8A==",
      "license": "MIT",
      "engines": {
        "node": "^18 || ^20 || >= 21"
      }
    },
    "node_modules/node-gyp-build": {
      "version": "4.8.4",
      "resolved": "https://registry.npmjs.org/node-gyp-build/-/node-gyp-build-4.8.4.tgz",
      "integrity": "sha512-LA4ZjwlnUblHVgq0oBF3Jl/6h/Nvs5fzBLwdEF4nuxnFdsfajde4WfxtJr3CaiH+F6ewcIB/q4jQ4UzPyid+CQ==",
      "license": "MIT",
      "bin": {
        "node-gyp-build": "bin.js",
        "node-gyp-build-optional": "optional.js",
        "node-gyp-build-test": "build-test.js"
      }
    },
    "node_modules/sleep": {
      "version": "6.3.0",
      "resolved": "https://registry.npmjs.org/sleep/-/sleep-6.3.0.tgz",
      "integrity": "sha512-+WgYl951qdUlb1iS97UvQ01pkauoBK9ML9I/CMPg41v0Ze4EyMlTgFTDDo32iYj98IYqxIjDMRd+L71lawFfpQ==",
      "hasInstallScript": true,
      "license": "MIT",
      "dependencies": {
        "nan": "^2.14.1"
      },
      "engines": {
        "node": ">=0.8.0"
      }
    }
  }
}
